
Microsoft Visual Studio Solution File, Format Version 12.00
# Visual Studio Version 17
VisualStudioVersion = 17.9.34723.18
MinimumVisualStudioVersion = 10.0.40219.1
Project("{FAE04EC0-301F-11D3-BF4B-00C04F79EFBC}") = "RabbitMQSenderUI", "RabbitMQSenderUI\RabbitMQSenderUI.csproj", "{15452D18-6244-4B8A-97F5-42C9CA8DF165}"
EndProject
Project("{9A19103F-16F7-4668-BE54-9A1E7A4F7556}") = "RabbitMQShared", "..\RabbitMQShared\RabbitMQShared\RabbitMQShared.csproj", "{88471440-0C9C-4E4A-949B-EFD8EED11C49}"
EndProject
Global
	GlobalSection(SolutionConfigurationPlatforms) = preSolution
		Debug|Any CPU = Debug|Any CPU
		Release|Any CPU = Release|Any CPU
	EndGlobalSection
	GlobalSection(ProjectConfigurationPlatforms) = postSolution
		{15452D18-6244-4B8A-97F5-42C9CA8DF165}.Debug|Any CPU.ActiveCfg = Debug|Any CPU
		{15452D18-6244-4B8A-97F5-42C9CA8DF165}.Debug|Any CPU.Build.0 = Debug|Any CPU
		{15452D18-6244-4B8A-97F5-42C9CA8DF165}.Release|Any CPU.ActiveCfg = Release|Any CPU
		{15452D18-6244-4B8A-97F5-42C9CA8DF165}.Release|Any CPU.Build.0 = Release|Any CPU
		{88471440-0C9C-4E4A-949B-EFD8EED11C49}.Debug|Any CPU.ActiveCfg = Debug|Any CPU
		{88471440-0C9C-4E4A-949B-EFD8EED11C49}.Debug|Any CPU.Build.0 = Debug|Any CPU
		{88471440-0C9C-4E4A-949B-EFD8EED11C49}.Release|Any CPU.ActiveCfg = Release|Any CPU
		{88471440-0C9C-4E4A-949B-EFD8EED11C49}.Release|Any CPU.Build.0 = Release|Any CPU
	EndGlobalSection
	GlobalSection(SolutionProperties) = preSolution
		HideSolutionNode = FALSE
	EndGlobalSection
	GlobalSection(ExtensibilityGlobals) = postSolution
		SolutionGuid = {9A2A8C1C-28BD-4329-A018-9C260F6D9655}
	EndGlobalSection
EndGlobal
